<?xml version="1.0" encoding="utf-8"?>
<Project ToolsVersion="4.0" xmlns="http://schemas.microsoft.com/developer/msbuild/2003">
  <ItemGroup>
    <Filter Include="Source Files">
      <UniqueIdentifier>{4FC737F1-C7A5-4376-A066-2A32D752A2FF}</UniqueIdentifier>
      <Extensions>cpp;c;cc;cxx;def;odl;idl;hpj;bat;asm;asmx</Extensions>
    </Filter>
    <Filter Include="Header Files">
      <UniqueIdentifier>{93995380-89BD-4b04-88EB-625FBE52EBFB}</UniqueIdentifier>
      <Extensions>h;hh;hpp;hxx;hm;inl;inc;ipp;xsd</Extensions>
    </Filter>
    <Filter Include="Resource Files">
      <UniqueIdentifier>{67DA6AB6-F800-4c08-8B7A-83BB121AAD01}</UniqueIdentifier>
      <Extensions>rc;ico;cur;bmp;dlg;rc2;rct;bin;rgs;gif;jpg;jpeg;jpe;resx;tiff;tif;png;wav;mfcribbon-ms</Extensions>
    </Filter>
    <Filter Include="Header Files\RequestHandler">
      <UniqueIdentifier>{7a3ab235-1aaf-4445-bd48-fa85252f8131}</UniqueIdentifier>
    </Filter>
    <Filter Include="Header Files\Field">
      <UniqueIdentifier>{a2913b89-ef86-4c31-982f-4eb1f2f2a438}</UniqueIdentifier>
    </Filter>
  </ItemGroup>
  <ItemGroup>
    <None Include="packages.config" />
  </ItemGroup>
  <ItemGroup>
    <ClCompile Include="main.cpp">
      <Filter>Source Files</Filter>
    </ClCompile>
  </ItemGroup>
  <ItemGroup>
    <ClInclude Include="Account.h">
      <Filter>Header Files</Filter>
    </ClInclude>
    <ClInclude Include="DB.h">
      <Filter>Header Files</Filter>
    </ClInclude>
    <ClInclude Include="DBLoader.h">
      <Filter>Header Files</Filter>
    </ClInclude>
    <ClInclude Include="Split.h">
      <Filter>Header Files</Filter>
    </ClInclude>
    <ClInclude Include="HandlerIter.h">
      <Filter>Header Files</Filter>
    </ClInclude>
    <ClInclude Include="SharedString.h">
      <Filter>Header Files</Filter>
    </ClInclude>
    <ClInclude Include="Convert.h">
      <Filter>Header Files</Filter>
    </ClInclude>
    <ClInclude Include="Common.h">
      <Filter>Header Files</Filter>
    </ClInclude>
    <ClInclude Include="UnionIter.h">
      <Filter>Header Files</Filter>
    </ClInclude>
    <ClInclude Include="IntersectionIter.h">
      <Filter>Header Files</Filter>
    </ClInclude>
    <ClInclude Include="HttpRequestParser.h">
      <Filter>Header Files</Filter>
    </ClInclude>
    <ClInclude Include="HttpServer.h">
      <Filter>Header Files</Filter>
    </ClInclude>
    <ClInclude Include="UrlDecoding.h">
      <Filter>Header Files</Filter>
    </ClInclude>
    <ClInclude Include="RequestHandler.h">
      <Filter>Header Files</Filter>
    </ClInclude>
    <ClInclude Include="RequestHandler\FilterAccounts.h">
      <Filter>Header Files\RequestHandler</Filter>
    </ClInclude>
    <ClInclude Include="Field\Birth.h">
      <Filter>Header Files\Field</Filter>
    </ClInclude>
    <ClInclude Include="Field\City.h">
      <Filter>Header Files\Field</Filter>
    </ClInclude>
    <ClInclude Include="Field\Country.h">
      <Filter>Header Files\Field</Filter>
    </ClInclude>
    <ClInclude Include="Field\Email.h">
      <Filter>Header Files\Field</Filter>
    </ClInclude>
    <ClInclude Include="Field\FirstName.h">
      <Filter>Header Files\Field</Filter>
    </ClInclude>
    <ClInclude Include="Field\Interests.h">
      <Filter>Header Files\Field</Filter>
    </ClInclude>
    <ClInclude Include="Field\Likes.h">
      <Filter>Header Files\Field</Filter>
    </ClInclude>
    <ClInclude Include="Field\Phone.h">
      <Filter>Header Files\Field</Filter>
    </ClInclude>
    <ClInclude Include="Field\Premium.h">
      <Filter>Header Files\Field</Filter>
    </ClInclude>
    <ClInclude Include="Field\SecondName.h">
      <Filter>Header Files\Field</Filter>
    </ClInclude>
    <ClInclude Include="Field\Sex.h">
      <Filter>Header Files\Field</Filter>
    </ClInclude>
    <ClInclude Include="Field\Status.h">
      <Filter>Header Files\Field</Filter>
    </ClInclude>
    <ClInclude Include="FieldMethod.h">
      <Filter>Header Files</Filter>
    </ClInclude>
    <ClInclude Include="FieldMethodTrait.h">
      <Filter>Header Files</Filter>
    </ClInclude>
    <ClInclude Include="RequestHandler\BadRequest.h">
      <Filter>Header Files\RequestHandler</Filter>
    </ClInclude>
    <ClInclude Include="RequestHandler\GroupAccounts.h">
      <Filter>Header Files\RequestHandler</Filter>
    </ClInclude>
    <ClInclude Include="Field\Joined.h">
      <Filter>Header Files\Field</Filter>
    </ClInclude>
    <ClInclude Include="RequestHandler\RecommendForAccount.h">
      <Filter>Header Files\RequestHandler</Filter>
    </ClInclude>
  </ItemGroup>
</Project>